# THIS IS AN AUTOGENERATED FILE. DO NOT EDIT THIS FILE DIRECTLY.
# yarn lockfile v1


dotenv@^16.4.1:
  version "16.4.1"
  resolved "https://registry.yarnpkg.com/dotenv/-/dotenv-16.4.1.tgz#1d9931f1d3e5d2959350d1250efab299561f7f11"
  integrity sha512-CjA3y+Dr3FyFDOAMnxZEGtnW9KBR2M0JvvUtXNW+dYJL5ROWxP9DUHCwgFqpMk0OXCc0ljhaNTr2w/kutYIcHQ==
